
Microsoft Visual Studio Solution File, Format Version 12.00
# Visual Studio 14
VisualStudioVersion = 14.0.25420.1
MinimumVisualStudioVersion = 10.0.40219.1
Project("{E24C65DC-7377-472B-9ABA-BC803B73C61A}") = "Localizing WebViewer", "http://localhost:5138", "{9625F613-E221-4613-81B6-F78B43D1EA84}"
	ProjectSection(WebsiteProperties) = preProject
		UseIISExpress = "true"
		TargetFrameworkMoniker = ".NETFramework,Version%3Dv4.0"
		Debug.AspNetCompiler.VirtualPath = "/localhost_5138"
		Debug.AspNetCompiler.PhysicalPath = "Localizing WebViewer\"
		Debug.AspNetCompiler.TargetPath = "PrecompiledWeb\localhost_5138\"
		Debug.AspNetCompiler.Updateable = "true"
		Debug.AspNetCompiler.ForceOverwrite = "true"
		Debug.AspNetCompiler.FixedNames = "false"
		Debug.AspNetCompiler.Debug = "True"
		Release.AspNetCompiler.VirtualPath = "/localhost_5138"
		Release.AspNetCompiler.PhysicalPath = "Localizing WebViewer\"
		Release.AspNetCompiler.TargetPath = "PrecompiledWeb\localhost_5138\"
		Release.AspNetCompiler.Updateable = "true"
		Release.AspNetCompiler.ForceOverwrite = "true"
		Release.AspNetCompiler.FixedNames = "false"
		Release.AspNetCompiler.Debug = "False"
		SlnRelativePath = "Localizing WebViewer\"
	EndProjectSection
EndProject
Project("{E24C65DC-7377-472B-9ABA-BC803B73C61A}") = "Show Report in the WebViewer", "Show Report in the WebViewer\", "{9BD29325-6ACE-4E41-A385-44412C2DBB22}"
	ProjectSection(WebsiteProperties) = preProject
		TargetFrameworkMoniker = ".NETFramework,Version%3Dv4.0"
		Debug.AspNetCompiler.VirtualPath = "/localhost_16594"
		Debug.AspNetCompiler.PhysicalPath = "Show Report in the WebViewer\"
		Debug.AspNetCompiler.TargetPath = "PrecompiledWeb\localhost_16594\"
		Debug.AspNetCompiler.Updateable = "true"
		Debug.AspNetCompiler.ForceOverwrite = "true"
		Debug.AspNetCompiler.FixedNames = "false"
		Debug.AspNetCompiler.Debug = "True"
		Release.AspNetCompiler.VirtualPath = "/localhost_16594"
		Release.AspNetCompiler.PhysicalPath = "Show Report in the WebViewer\"
		Release.AspNetCompiler.TargetPath = "PrecompiledWeb\localhost_16594\"
		Release.AspNetCompiler.Updateable = "true"
		Release.AspNetCompiler.ForceOverwrite = "true"
		Release.AspNetCompiler.FixedNames = "false"
		Release.AspNetCompiler.Debug = "False"
		VWDPort = "16594"
		SlnRelativePath = "Show Report in the WebViewer\"
	EndProjectSection
EndProject
Project("{E24C65DC-7377-472B-9ABA-BC803B73C61A}") = "WebViewer with Scroll Bars", "WebViewer with Scroll Bars\", "{1CE95D57-4259-44BC-817D-1C37C84B9470}"
	ProjectSection(WebsiteProperties) = preProject
		TargetFrameworkMoniker = ".NETFramework,Version%3Dv4.0"
		Debug.AspNetCompiler.VirtualPath = "/localhost_9611"
		Debug.AspNetCompiler.PhysicalPath = "WebViewer with Scroll Bars\"
		Debug.AspNetCompiler.TargetPath = "PrecompiledWeb\localhost_9611\"
		Debug.AspNetCompiler.Updateable = "true"
		Debug.AspNetCompiler.ForceOverwrite = "true"
		Debug.AspNetCompiler.FixedNames = "false"
		Debug.AspNetCompiler.Debug = "True"
		Release.AspNetCompiler.VirtualPath = "/localhost_9611"
		Release.AspNetCompiler.PhysicalPath = "WebViewer with Scroll Bars\"
		Release.AspNetCompiler.TargetPath = "PrecompiledWeb\localhost_9611\"
		Release.AspNetCompiler.Updateable = "true"
		Release.AspNetCompiler.ForceOverwrite = "true"
		Release.AspNetCompiler.FixedNames = "false"
		Release.AspNetCompiler.Debug = "False"
		VWDPort = "9611"
		SlnRelativePath = "WebViewer with Scroll Bars\"
	EndProjectSection
EndProject
Global
	GlobalSection(SolutionConfigurationPlatforms) = preSolution
		Debug|Any CPU = Debug|Any CPU
	EndGlobalSection
	GlobalSection(ProjectConfigurationPlatforms) = postSolution
		{9625F613-E221-4613-81B6-F78B43D1EA84}.Debug|Any CPU.ActiveCfg = Debug|Any CPU
		{9625F613-E221-4613-81B6-F78B43D1EA84}.Debug|Any CPU.Build.0 = Debug|Any CPU
		{9BD29325-6ACE-4E41-A385-44412C2DBB22}.Debug|Any CPU.ActiveCfg = Debug|Any CPU
		{9BD29325-6ACE-4E41-A385-44412C2DBB22}.Debug|Any CPU.Build.0 = Debug|Any CPU
		{1CE95D57-4259-44BC-817D-1C37C84B9470}.Debug|Any CPU.ActiveCfg = Debug|Any CPU
		{1CE95D57-4259-44BC-817D-1C37C84B9470}.Debug|Any CPU.Build.0 = Debug|Any CPU
	EndGlobalSection
	GlobalSection(SolutionProperties) = preSolution
		HideSolutionNode = FALSE
	EndGlobalSection
	GlobalSection(ExtensibilityGlobals) = postSolution
		VisualSVNWorkingCopyRoot = .
	EndGlobalSection
EndGlobal
